
Microsoft Visual Studio Solution File, Format Version 12.00
# Visual Studio Version 17
VisualStudioVersion = 17.6.33829.357
MinimumVisualStudioVersion = 10.0.40219.1
Project("{FAE04EC0-301F-11D3-BF4B-00C04F79EFBC}") = "GestBook", "GestBook\GestBook.csproj", "{706D08E5-A0DF-4596-BDE7-8BE37A88347D}"
EndProject
Global
	GlobalSection(SolutionConfigurationPlatforms) = preSolution
		Debug|Any CPU = Debug|Any CPU
		Release|Any CPU = Release|Any CPU
	EndGlobalSection
	GlobalSection(ProjectConfigurationPlatforms) = postSolution
		{706D08E5-A0DF-4596-BDE7-8BE37A88347D}.Debug|Any CPU.ActiveCfg = Debug|Any CPU
		{706D08E5-A0DF-4596-BDE7-8BE37A88347D}.Debug|Any CPU.Build.0 = Debug|Any CPU
		{706D08E5-A0DF-4596-BDE7-8BE37A88347D}.Release|Any CPU.ActiveCfg = Release|Any CPU
		{706D08E5-A0DF-4596-BDE7-8BE37A88347D}.Release|Any CPU.Build.0 = Release|Any CPU
	EndGlobalSection
	GlobalSection(SolutionProperties) = preSolution
		HideSolutionNode = FALSE
	EndGlobalSection
	GlobalSection(ExtensibilityGlobals) = postSolution
		SolutionGuid = {5A7B1634-C8CA-4A98-9BFF-7DB08C18CCFB}
	EndGlobalSection
EndGlobal
